
Microsoft Visual Studio Solution File, Format Version 12.00
# Visual Studio 15
Project("{2150E333-8FDC-42A3-9474-1A3956D46DE8}") = "Identity", "Identity", "{31697F9B-4EB5-4C99-AA18-E5261E3549FF}"
EndProject
Project("{FAE04EC0-301F-11D3-BF4B-00C04F79EFBC}") = "Identity.IdentityServer.API", "Identity\Identity.IdentityServer.API\Identity.IdentityServer.API.csproj", "{4F372CAC-3894-4A94-83C2-8DDA41EE9E05}"
EndProject
Project("{2150E333-8FDC-42A3-9474-1A3956D46DE8}") = "ApiGateway", "ApiGateway", "{529F5D7D-520A-4073-9BB0-BDD45D91304D}"
EndProject
Project("{FAE04EC0-301F-11D3-BF4B-00C04F79EFBC}") = "ApiGateway.Ocelot.API", "ApiGateway\ApiGateway.Ocelot.API\ApiGateway.Ocelot.API.csproj", "{965B1303-1B5B-4213-BBCA-9CA1FF3511BA}"
EndProject
Project("{FAE04EC0-301F-11D3-BF4B-00C04F79EFBC}") = "Identity.UsersService", "Identity\Identity.UsersService\Identity.UsersService.csproj", "{62FD3686-30B1-48AE-92EA-BBAFE79A73B0}"
EndProject
Project("{2150E333-8FDC-42A3-9474-1A3956D46DE8}") = "Services", "Services", "{B2943158-0E88-45BC-8A3A-DF76BB2B9715}"
EndProject
Project("{FAE04EC0-301F-11D3-BF4B-00C04F79EFBC}") = "Services.ServiceOne.API", "Services\Services.ServiceOne.API\Services.ServiceOne.API.csproj", "{FAF1D988-74A7-4DF9-81AD-294DFF5ABD53}"
EndProject
Project("{2150E333-8FDC-42A3-9474-1A3956D46DE8}") = "Clients", "Clients", "{9040D371-7125-43B8-83AE-3D522519FA7C}"
EndProject
Project("{FAE04EC0-301F-11D3-BF4B-00C04F79EFBC}") = "Clients.ConsoleClient", "Clients\Clients.ConsoleClient\Clients.ConsoleClient.csproj", "{C9D17E98-4174-47E2-A1A6-046B2968A8C8}"
EndProject
Global
	GlobalSection(SolutionConfigurationPlatforms) = preSolution
		Debug|Any CPU = Debug|Any CPU
		Release|Any CPU = Release|Any CPU
	EndGlobalSection
	GlobalSection(ProjectConfigurationPlatforms) = postSolution
		{4F372CAC-3894-4A94-83C2-8DDA41EE9E05}.Debug|Any CPU.ActiveCfg = Debug|Any CPU
		{4F372CAC-3894-4A94-83C2-8DDA41EE9E05}.Debug|Any CPU.Build.0 = Debug|Any CPU
		{4F372CAC-3894-4A94-83C2-8DDA41EE9E05}.Release|Any CPU.ActiveCfg = Release|Any CPU
		{4F372CAC-3894-4A94-83C2-8DDA41EE9E05}.Release|Any CPU.Build.0 = Release|Any CPU
		{965B1303-1B5B-4213-BBCA-9CA1FF3511BA}.Debug|Any CPU.ActiveCfg = Debug|Any CPU
		{965B1303-1B5B-4213-BBCA-9CA1FF3511BA}.Debug|Any CPU.Build.0 = Debug|Any CPU
		{965B1303-1B5B-4213-BBCA-9CA1FF3511BA}.Release|Any CPU.ActiveCfg = Release|Any CPU
		{965B1303-1B5B-4213-BBCA-9CA1FF3511BA}.Release|Any CPU.Build.0 = Release|Any CPU
		{62FD3686-30B1-48AE-92EA-BBAFE79A73B0}.Debug|Any CPU.ActiveCfg = Debug|Any CPU
		{62FD3686-30B1-48AE-92EA-BBAFE79A73B0}.Debug|Any CPU.Build.0 = Debug|Any CPU
		{62FD3686-30B1-48AE-92EA-BBAFE79A73B0}.Release|Any CPU.ActiveCfg = Release|Any CPU
		{62FD3686-30B1-48AE-92EA-BBAFE79A73B0}.Release|Any CPU.Build.0 = Release|Any CPU
		{FAF1D988-74A7-4DF9-81AD-294DFF5ABD53}.Debug|Any CPU.ActiveCfg = Debug|Any CPU
		{FAF1D988-74A7-4DF9-81AD-294DFF5ABD53}.Debug|Any CPU.Build.0 = Debug|Any CPU
		{FAF1D988-74A7-4DF9-81AD-294DFF5ABD53}.Release|Any CPU.ActiveCfg = Release|Any CPU
		{FAF1D988-74A7-4DF9-81AD-294DFF5ABD53}.Release|Any CPU.Build.0 = Release|Any CPU
		{C9D17E98-4174-47E2-A1A6-046B2968A8C8}.Debug|Any CPU.ActiveCfg = Debug|Any CPU
		{C9D17E98-4174-47E2-A1A6-046B2968A8C8}.Debug|Any CPU.Build.0 = Debug|Any CPU
		{C9D17E98-4174-47E2-A1A6-046B2968A8C8}.Release|Any CPU.ActiveCfg = Release|Any CPU
		{C9D17E98-4174-47E2-A1A6-046B2968A8C8}.Release|Any CPU.Build.0 = Release|Any CPU
	EndGlobalSection
	GlobalSection(NestedProjects) = preSolution
		{4F372CAC-3894-4A94-83C2-8DDA41EE9E05} = {31697F9B-4EB5-4C99-AA18-E5261E3549FF}
		{965B1303-1B5B-4213-BBCA-9CA1FF3511BA} = {529F5D7D-520A-4073-9BB0-BDD45D91304D}
		{62FD3686-30B1-48AE-92EA-BBAFE79A73B0} = {31697F9B-4EB5-4C99-AA18-E5261E3549FF}
		{FAF1D988-74A7-4DF9-81AD-294DFF5ABD53} = {B2943158-0E88-45BC-8A3A-DF76BB2B9715}
		{C9D17E98-4174-47E2-A1A6-046B2968A8C8} = {9040D371-7125-43B8-83AE-3D522519FA7C}
	EndGlobalSection
EndGlobal
